{
  "name": "@~/root",
  "version": "1.0.0",
  "lockfileVersion": 3,
  "requires": true,
  "packages": {
    "": {
      "name": "@~/root",
      "version": "1.0.0",
      "workspaces": [
        "packages/*"
      ],
      "devDependencies": {
        "typescript": "5.7.2"
      }
    },
    "app/wad-viewer": {
      "name": "@~/wad-viewer",
      "version": "1.0.0",
      "extraneous": true,
      "license": "ISC"
    },
    "node_modules/@~/wad-viewer": {
      "resolved": "packages/wad-viewer",
      "link": true
    },
    "node_modules/typescript": {
      "version": "5.7.2",
      "resolved": "https://registry.npmjs.org/typescript/-/typescript-5.7.2.tgz",
      "integrity": "sha512-i5t66RHxDvVN40HfDd1PsEThGNnlMCMT3jMUuoh9/0TaqWevNontacunWyN02LA9/fIbEWlcHZcgTKb9QoaLfg==",
      "dev": true,
      "license": "Apache-2.0",
      "bin": {
        "tsc": "bin/tsc",
        "tsserver": "bin/tsserver"
      },
      "engines": {
        "node": ">=14.17"
      }
    },
    "packages/wad-viewer": {
      "name": "@~/wad-viewer"
    }
  }
}
